{
  "name": "@killerwink/lottie-react-native-color",
  "version": "1.0.0",
  "lockfileVersion": 1,
  "requires": true,
  "dependencies": {
    "hex-rgb": {
      "version": "4.1.0",
      "resolved": "https://registry.npmjs.org/hex-rgb/-/hex-rgb-4.1.0.tgz",
      "integrity": "sha512-n7xsIfyBkFChITGPh6FLtxNzAt2HxZLcQIY9hYH4gm2gmMQJHMguMH3E+jnmvUbSTF5QrmFnGab5Ippi+D7e/g=="
    }
  }
}
